
Microsoft Visual Studio Solution File, Format Version 12.00
# Visual Studio Version 17
VisualStudioVersion = 17.0.32002.185
MinimumVisualStudioVersion = 10.0.40219.1
Project("{FAE04EC0-301F-11D3-BF4B-00C04F79EFBC}") = "Mäng_Kontrolltöö", "Mäng_Kontrolltöö\Mäng_Kontrolltöö.csproj", "{86D4189E-7605-470B-8108-1D5E6FE4AD7B}"
EndProject
Global
	GlobalSection(SolutionConfigurationPlatforms) = preSolution
		Debug|Any CPU = Debug|Any CPU
		Release|Any CPU = Release|Any CPU
	EndGlobalSection
	GlobalSection(ProjectConfigurationPlatforms) = postSolution
		{86D4189E-7605-470B-8108-1D5E6FE4AD7B}.Debug|Any CPU.ActiveCfg = Debug|Any CPU
		{86D4189E-7605-470B-8108-1D5E6FE4AD7B}.Debug|Any CPU.Build.0 = Debug|Any CPU
		{86D4189E-7605-470B-8108-1D5E6FE4AD7B}.Release|Any CPU.ActiveCfg = Release|Any CPU
		{86D4189E-7605-470B-8108-1D5E6FE4AD7B}.Release|Any CPU.Build.0 = Release|Any CPU
	EndGlobalSection
	GlobalSection(SolutionProperties) = preSolution
		HideSolutionNode = FALSE
	EndGlobalSection
	GlobalSection(ExtensibilityGlobals) = postSolution
		SolutionGuid = {F55C69CF-6DB6-4761-89AB-B14B504AB703}
	EndGlobalSection
EndGlobal
